
Microsoft Visual Studio Solution File, Format Version 12.00
# Visual Studio Version 17
VisualStudioVersion = 17.4.33213.308
MinimumVisualStudioVersion = 10.0.40219.1
Project("{FAE04EC0-301F-11D3-BF4B-00C04F79EFBC}") = "SaneleRecipeApp", "SaneleRecipeApp\SaneleRecipeApp.csproj", "{33F32019-136B-482B-8C6B-085F49D8D394}"
EndProject
Global
	GlobalSection(SolutionConfigurationPlatforms) = preSolution
		Debug|Any CPU = Debug|Any CPU
		Release|Any CPU = Release|Any CPU
	EndGlobalSection
	GlobalSection(ProjectConfigurationPlatforms) = postSolution
		{33F32019-136B-482B-8C6B-085F49D8D394}.Debug|Any CPU.ActiveCfg = Debug|Any CPU
		{33F32019-136B-482B-8C6B-085F49D8D394}.Debug|Any CPU.Build.0 = Debug|Any CPU
		{33F32019-136B-482B-8C6B-085F49D8D394}.Release|Any CPU.ActiveCfg = Release|Any CPU
		{33F32019-136B-482B-8C6B-085F49D8D394}.Release|Any CPU.Build.0 = Release|Any CPU
	EndGlobalSection
	GlobalSection(SolutionProperties) = preSolution
		HideSolutionNode = FALSE
	EndGlobalSection
	GlobalSection(ExtensibilityGlobals) = postSolution
		SolutionGuid = {AAD2CB8E-0535-4ECE-A16C-45C0FAA152C3}
	EndGlobalSection
EndGlobal
